
Microsoft Visual Studio Solution File, Format Version 12.00
# Visual Studio Version 17
VisualStudioVersion = 17.3.32825.248
MinimumVisualStudioVersion = 10.0.40219.1
Project("{FAE04EC0-301F-11D3-BF4B-00C04F79EFBC}") = "SchoolSystemLibary", "SchoolSystemLibary\SchoolSystemLibary.csproj", "{68137978-28E7-433A-BD13-5B6E9FD81301}"
EndProject
Project("{FAE04EC0-301F-11D3-BF4B-00C04F79EFBC}") = "SchoolSystemUI", "SchoolSystemUI\SchoolSystemUI.csproj", "{EB624A82-EFED-47C5-94F1-DE08E1179B9E}"
EndProject
Project("{2150E333-8FDC-42A3-9474-1A3956D46DE8}") = "SQLCode", "SQLCode", "{92C0991C-9CBC-4C0A-9383-6885E08DE48D}"
	ProjectSection(SolutionItems) = preProject
		CreateDB.sql = CreateDB.sql
	EndProjectSection
EndProject
Global
	GlobalSection(SolutionConfigurationPlatforms) = preSolution
		Debug|Any CPU = Debug|Any CPU
		Release|Any CPU = Release|Any CPU
	EndGlobalSection
	GlobalSection(ProjectConfigurationPlatforms) = postSolution
		{68137978-28E7-433A-BD13-5B6E9FD81301}.Debug|Any CPU.ActiveCfg = Debug|Any CPU
		{68137978-28E7-433A-BD13-5B6E9FD81301}.Debug|Any CPU.Build.0 = Debug|Any CPU
		{68137978-28E7-433A-BD13-5B6E9FD81301}.Release|Any CPU.ActiveCfg = Release|Any CPU
		{68137978-28E7-433A-BD13-5B6E9FD81301}.Release|Any CPU.Build.0 = Release|Any CPU
		{EB624A82-EFED-47C5-94F1-DE08E1179B9E}.Debug|Any CPU.ActiveCfg = Debug|Any CPU
		{EB624A82-EFED-47C5-94F1-DE08E1179B9E}.Debug|Any CPU.Build.0 = Debug|Any CPU
		{EB624A82-EFED-47C5-94F1-DE08E1179B9E}.Release|Any CPU.ActiveCfg = Release|Any CPU
		{EB624A82-EFED-47C5-94F1-DE08E1179B9E}.Release|Any CPU.Build.0 = Release|Any CPU
	EndGlobalSection
	GlobalSection(SolutionProperties) = preSolution
		HideSolutionNode = FALSE
	EndGlobalSection
	GlobalSection(ExtensibilityGlobals) = postSolution
		SolutionGuid = {539C1E72-3B3D-4C8E-B267-D70F4C589210}
	EndGlobalSection
EndGlobal
